{
  "name": "foundry-sheets",
  "lockfileVersion": 3,
  "requires": true,
  "packages": {
    "": {
      "dependencies": {
        "@types/google-apps-script": "^1.0.81"
      }
    },
    "node_modules/@types/google-apps-script": {
      "version": "1.0.81",
      "resolved": "https://registry.npmjs.org/@types/google-apps-script/-/google-apps-script-1.0.81.tgz",
      "integrity": "sha512-1yUPhHVA6+P/K8yyyNgfEQznMeSzT0/wWYiH0/txg4Aruz1qAxmp6KLwd9GXQb1GmaMIQP6qe3n94Y+fvrfSGw=="
    }
  }
}
